{
  "name": "appmixer.kafka",
  "version": "1.0.2",
  "lockfileVersion": 3,
  "requires": true,
  "packages": {
    "": {
      "name": "appmixer.kafka",
      "version": "1.0.2",
      "dependencies": {
        "kafkajs": "2.2.4",
        "kafkajs-snappy": "1.1.0",
        "regex-parser": "2.3.0",
        "tmp": "0.2.3"
      }
    },
    "node_modules/kafkajs": {
      "version": "2.2.4",
      "resolved": "https://registry.npmjs.org/kafkajs/-/kafkajs-2.2.4.tgz",
      "integrity": "sha512-j/YeapB1vfPT2iOIUn/vxdyKEuhuY2PxMBvf5JWux6iSaukAccrMtXEY/Lb7OvavDhOWME589bpLrEdnVHjfjA==",
      "license": "MIT",
      "engines": {
        "node": ">=14.0.0"
      }
    },
    "node_modules/kafkajs-snappy": {
      "version": "1.1.0",
      "resolved": "https://registry.npmjs.org/kafkajs-snappy/-/kafkajs-snappy-1.1.0.tgz",
      "integrity": "sha512-M4h2WhlxhXmR64z8nwzfGa1Dhhz78vykRfySRL8tuYQ8e6JSOuclbF2FJ8jeMJP3EZWw3uhjvwHlz7Ucu3UdWA==",
      "license": "MIT",
      "dependencies": {
        "snappyjs": "^0.6.0"
      },
      "engines": {
        "node": ">=8.0.0"
      }
    },
    "node_modules/regex-parser": {
      "version": "2.3.0",
      "resolved": "https://registry.npmjs.org/regex-parser/-/regex-parser-2.3.0.tgz",
      "integrity": "sha512-TVILVSz2jY5D47F4mA4MppkBrafEaiUWJO/TcZHEIuI13AqoZMkK1WMA4Om1YkYbTx+9Ki1/tSUXbceyr9saRg==",
      "license": "MIT"
    },
    "node_modules/snappyjs": {
      "version": "0.6.1",
      "resolved": "https://registry.npmjs.org/snappyjs/-/snappyjs-0.6.1.tgz",
      "integrity": "sha512-YIK6I2lsH072UE0aOFxxY1dPDCS43I5ktqHpeAsuLNYWkE5pGxRGWfDM4/vSUfNzXjC1Ivzt3qx31PCLmc9yqg==",
      "license": "MIT"
    },
    "node_modules/tmp": {
      "version": "0.2.3",
      "resolved": "https://registry.npmjs.org/tmp/-/tmp-0.2.3.tgz",
      "integrity": "sha512-nZD7m9iCPC5g0pYmcaxogYKggSfLsdxl8of3Q/oIbqCqLLIO9IAF0GWjX1z9NZRHPiXv8Wex4yDCaZsgEw0Y8w==",
      "license": "MIT",
      "engines": {
        "node": ">=14.14"
      }
    }
  }
}
