{
    "name": "appmixer.connectwise.core.NewProject",
    "version": "1.0.0",
    "lockfileVersion": 3,
    "requires": true,
    "packages": {
        "": {
            "name": "appmixer.connectwise.core.NewProject",
            "version": "1.0.0",
            "dependencies": {
                "json-pointer": "0.6.2",
                "jsonata": "2.0.3"
            }
        },
        "node_modules/foreach": {
            "version": "2.0.6",
            "resolved": "https://registry.npmjs.org/foreach/-/foreach-2.0.6.tgz",
            "integrity": "sha512-k6GAGDyqLe9JaebCsFCoudPPWfihKu8pylYXRlqP1J7ms39iPoTtk2fviNglIeQEwdh0bQeKJ01ZPyuyQvKzwg==",
            "license": "MIT"
        },
        "node_modules/json-pointer": {
            "version": "0.6.2",
            "resolved": "https://registry.npmjs.org/json-pointer/-/json-pointer-0.6.2.tgz",
            "integrity": "sha512-vLWcKbOaXlO+jvRy4qNd+TI1QUPZzfJj1tpJ3vAXDych5XJf93ftpUKe5pKCrzyIIwgBJcOcCVRUfqQP25afBw==",
            "license": "MIT",
            "dependencies": {
                "foreach": "^2.0.4"
            }
        },
        "node_modules/jsonata": {
            "version": "2.0.3",
            "resolved": "https://registry.npmjs.org/jsonata/-/jsonata-2.0.3.tgz",
            "integrity": "sha512-Up2H81MUtjqI/dWwWX7p4+bUMfMrQJVMN/jW6clFMTiYP528fBOBNtRu944QhKTs3+IsVWbgMeUTny5fw2VMUA==",
            "license": "MIT",
            "engines": {
                "node": ">= 8"
            }
        }
    }
}
