{
    "name": "appmixer.google.spreadsheets.NewRow",
    "version": "0.0.1",
    "lockfileVersion": 3,
    "requires": true,
    "packages": {
        "": {
            "name": "appmixer.google.spreadsheets.NewRow",
            "version": "0.0.1",
            "dependencies": {
                "deep-diff": "^0.3.3"
            }
        },
        "node_modules/deep-diff": {
            "version": "0.3.8",
            "resolved": "https://registry.npmjs.org/deep-diff/-/deep-diff-0.3.8.tgz",
            "integrity": "sha512-yVn6RZmHiGnxRKR9sJb3iVV2XTF1Ghh2DiWRZ3dMnGc43yUdWWF/kX6lQyk3+P84iprfWKU/8zFTrlkvtFm1ug==",
            "license": "MIT"
        }
    }
}
