{
    "name": "appmixer.utils.storage.SaveToFile",
    "version": "0.1.0",
    "lockfileVersion": 3,
    "requires": true,
    "packages": {
        "": {
            "name": "appmixer.utils.storage.SaveToFile",
            "version": "0.1.0",
            "dependencies": {
                "@json2csv/node": "6.1.2",
                "@json2csv/transforms": "6.1.2",
                "JSONStream": "1.3.5"
            }
        },
        "node_modules/@json2csv/formatters": {
            "version": "6.1.3",
            "resolved": "https://registry.npmjs.org/@json2csv/formatters/-/formatters-6.1.3.tgz",
            "integrity": "sha512-Yhs6eXTMhSrNFLTuVnhwjgJem2x+z0YZc0YxdCavoDf/tfz6LBVPVVoJPl9tXaCIfPZY9ybRB6sqPQqZTzkNuw==",
            "license": "MIT"
        },
        "node_modules/@json2csv/node": {
            "version": "6.1.2",
            "resolved": "https://registry.npmjs.org/@json2csv/node/-/node-6.1.2.tgz",
            "integrity": "sha512-obe0WcHlAjbRSJ5LdCTy0s598vhNMlRLw66lEqtNSqcqtGBM7FwLXw/4roTZjrTaaMlup7XTBrK2zcoW1DkG5Q==",
            "license": "MIT",
            "dependencies": {
                "@json2csv/plainjs": "^6.1.2"
            }
        },
        "node_modules/@json2csv/plainjs": {
            "version": "6.1.3",
            "resolved": "https://registry.npmjs.org/@json2csv/plainjs/-/plainjs-6.1.3.tgz",
            "integrity": "sha512-8cH/yVAPt1edDq/2Krr4elS2uJFWAdMQDH+ocuepjyh7lmBHEHv5kU0bqbYpd5ZpKTizshotsKk7KYA3nx4CCw==",
            "license": "MIT",
            "dependencies": {
                "@json2csv/formatters": "^6.1.3",
                "@streamparser/json": "^0.0.12",
                "lodash.get": "^4.4.2"
            }
        },
        "node_modules/@json2csv/transforms": {
            "version": "6.1.2",
            "resolved": "https://registry.npmjs.org/@json2csv/transforms/-/transforms-6.1.2.tgz",
            "integrity": "sha512-Trt00/ILixxC6M1x8fl4iOugt7AFx8H7ZPgOdU0tVoR1w2o2HBMuBBR6kDytVgM+8Fk233WdUCyT017oPpmzPg==",
            "license": "MIT",
            "dependencies": {
                "lodash.get": "^4.4.2"
            }
        },
        "node_modules/@streamparser/json": {
            "version": "0.0.12",
            "resolved": "https://registry.npmjs.org/@streamparser/json/-/json-0.0.12.tgz",
            "integrity": "sha512-+kmRpd+EeTFd3qNt1AoKphJqbAN26ZDsbiwqjBFeoAmdCyiUO19xMXPtYi9vovAj9a7OAJnvWtiHkwwjU2Fx4Q==",
            "license": "MIT"
        },
        "node_modules/jsonparse": {
            "version": "1.3.1",
            "resolved": "https://registry.npmjs.org/jsonparse/-/jsonparse-1.3.1.tgz",
            "integrity": "sha512-POQXvpdL69+CluYsillJ7SUhKvytYjW9vG/GKpnf+xP8UWgYEM/RaMzHHofbALDiKbbP1W8UEYmgGl39WkPZsg==",
            "engines": [
                "node >= 0.2.0"
            ],
            "license": "MIT"
        },
        "node_modules/JSONStream": {
            "version": "1.3.5",
            "resolved": "https://registry.npmjs.org/JSONStream/-/JSONStream-1.3.5.tgz",
            "integrity": "sha512-E+iruNOY8VV9s4JEbe1aNEm6MiszPRr/UfcHMz0TQh1BXSxHK+ASV1R6W4HpjBhSeS+54PIsAMCBmwD06LLsqQ==",
            "license": "(MIT OR Apache-2.0)",
            "dependencies": {
                "jsonparse": "^1.2.0",
                "through": ">=2.2.7 <3"
            },
            "bin": {
                "JSONStream": "bin.js"
            },
            "engines": {
                "node": "*"
            }
        },
        "node_modules/lodash.get": {
            "version": "4.4.2",
            "resolved": "https://registry.npmjs.org/lodash.get/-/lodash.get-4.4.2.tgz",
            "integrity": "sha512-z+Uw/vLuy6gQe8cfaFWD7p0wVv8fJl3mbzXh33RS+0oW2wvUqiRXiQ69gLWSLpgB5/6sU+r6BlQR0MBILadqTQ==",
            "deprecated": "This package is deprecated. Use the optional chaining (?.) operator instead.",
            "license": "MIT"
        },
        "node_modules/through": {
            "version": "2.3.8",
            "resolved": "https://registry.npmjs.org/through/-/through-2.3.8.tgz",
            "integrity": "sha512-w89qg7PI8wAdvX60bMDP+bFoD5Dvhm9oLheFp5O4a2QF0cSBGsBX4qZmadPMvVqlLJBBci+WqGGOAPvcDeNSVg==",
            "license": "MIT"
        }
    }
}
