{
    "name": "appmixer.userengage.users.FindByEmail",
    "version": "0.1.0",
    "lockfileVersion": 3,
    "requires": true,
    "packages": {
        "": {
            "name": "appmixer.userengage.users.FindByEmail",
            "version": "0.1.0",
            "dependencies": {
                "name-parser": "https://github.com/joshfraser/JavaScript-Name-Parser#master"
            }
        },
        "node_modules/name-parser": {
            "version": "1.0.0",
            "resolved": "git+ssh://git@github.com/joshfraser/JavaScript-Name-Parser.git#7cf29b8c20329a5150249f2c3736941f3febba79",
            "license": "Apache-2.0"
        }
    }
}
